// !$*UTF8*$!
{
	archiveVersion = 1;
	classes = {
	};
	objectVersion = 55;
	objects = {

/* Begin PBXBuildFile section */
		70B6937EB46D2FB92E31D18C /* Pods_Food_Delivery.framework in Frameworks */ = {isa = PBXBuildFile; fileRef = 5EE4F75193A8FEEC86274F71 /* Pods_Food_Delivery.framework */; };
		712BF09D28C3ABA000AABFFB /* AppDelegate.swift in Sources */ = {isa = PBXBuildFile; fileRef = 712BF09C28C3ABA000AABFFB /* AppDelegate.swift */; };
		712BF09F28C3ABA000AABFFB /* SceneDelegate.swift in Sources */ = {isa = PBXBuildFile; fileRef = 712BF09E28C3ABA000AABFFB /* SceneDelegate.swift */; };
		712BF0A128C3ABA000AABFFB /* ViewController.swift in Sources */ = {isa = PBXBuildFile; fileRef = 712BF0A028C3ABA000AABFFB /* ViewController.swift */; };
		712BF0A428C3ABA000AABFFB /* Main.storyboard in Resources */ = {isa = PBXBuildFile; fileRef = 712BF0A228C3ABA000AABFFB /* Main.storyboard */; };
		712BF0A628C3ABA100AABFFB /* Assets.xcassets in Resources */ = {isa = PBXBuildFile; fileRef = 712BF0A528C3ABA100AABFFB /* Assets.xcassets */; };
		712BF0A928C3ABA100AABFFB /* LaunchScreen.storyboard in Resources */ = {isa = PBXBuildFile; fileRef = 712BF0A728C3ABA100AABFFB /* LaunchScreen.storyboard */; };
		712BF0B528C3B2CA00AABFFB /* OnboardingViewController.swift in Sources */ = {isa = PBXBuildFile; fileRef = 712BF0B428C3B2CA00AABFFB /* OnboardingViewController.swift */; };
		71994AFF291163FA0040C37F /* HomeViewController.swift in Sources */ = {isa = PBXBuildFile; fileRef = 71994AFE291163FA0040C37F /* HomeViewController.swift */; };
		71994B06291194B20040C37F /* CategoryCollectionViewCell.swift in Sources */ = {isa = PBXBuildFile; fileRef = 71994B04291194B20040C37F /* CategoryCollectionViewCell.swift */; };
		71994B07291194B20040C37F /* CategoryCollectionViewCell.xib in Resources */ = {isa = PBXBuildFile; fileRef = 71994B05291194B20040C37F /* CategoryCollectionViewCell.xib */; };
		71994B09291199870040C37F /* DishCategory.swift in Sources */ = {isa = PBXBuildFile; fileRef = 71994B08291199870040C37F /* DishCategory.swift */; };
		71994B0B29119B730040C37F /* String+Extension.swift in Sources */ = {isa = PBXBuildFile; fileRef = 71994B0A29119B730040C37F /* String+Extension.swift */; };
		71994B0E2911A1E00040C37F /* CardView.swift in Sources */ = {isa = PBXBuildFile; fileRef = 71994B0D2911A1E00040C37F /* CardView.swift */; };
		71EE782728D46A7C0030E282 /* UIView+Extension.swift in Sources */ = {isa = PBXBuildFile; fileRef = 71EE782628D46A7C0030E282 /* UIView+Extension.swift */; };
		71EE782928D46C240030E282 /* OnBoardingSlide.swift in Sources */ = {isa = PBXBuildFile; fileRef = 71EE782828D46C240030E282 /* OnBoardingSlide.swift */; };
		71EE782B28D46EDA0030E282 /* OnBoardingCollectionViewCell.swift in Sources */ = {isa = PBXBuildFile; fileRef = 71EE782A28D46EDA0030E282 /* OnBoardingCollectionViewCell.swift */; };
/* End PBXBuildFile section */

/* Begin PBXFileReference section */
		0E677050793772BBDE32E216 /* Pods-Food-Delivery.debug.xcconfig */ = {isa = PBXFileReference; includeInIndex = 1; lastKnownFileType = text.xcconfig; name = "Pods-Food-Delivery.debug.xcconfig"; path = "Target Support Files/Pods-Food-Delivery/Pods-Food-Delivery.debug.xcconfig"; sourceTree = "<group>"; };
		5EE4F75193A8FEEC86274F71 /* Pods_Food_Delivery.framework */ = {isa = PBXFileReference; explicitFileType = wrapper.framework; includeInIndex = 0; path = Pods_Food_Delivery.framework; sourceTree = BUILT_PRODUCTS_DIR; };
		712BF09928C3ABA000AABFFB /* Food-Delivery.app */ = {isa = PBXFileReference; explicitFileType = wrapper.application; includeInIndex = 0; path = "Food-Delivery.app"; sourceTree = BUILT_PRODUCTS_DIR; };
		712BF09C28C3ABA000AABFFB /* AppDelegate.swift */ = {isa = PBXFileReference; lastKnownFileType = sourcecode.swift; path = AppDelegate.swift; sourceTree = "<group>"; };
		712BF09E28C3ABA000AABFFB /* SceneDelegate.swift */ = {isa = PBXFileReference; lastKnownFileType = sourcecode.swift; path = SceneDelegate.swift; sourceTree = "<group>"; };
		712BF0A028C3ABA000AABFFB /* ViewController.swift */ = {isa = PBXFileReference; lastKnownFileType = sourcecode.swift; path = ViewController.swift; sourceTree = "<group>"; };
		712BF0A328C3ABA000AABFFB /* Base */ = {isa = PBXFileReference; lastKnownFileType = file.storyboard; name = Base; path = Base.lproj/Main.storyboard; sourceTree = "<group>"; };
		712BF0A528C3ABA100AABFFB /* Assets.xcassets */ = {isa = PBXFileReference; lastKnownFileType = folder.assetcatalog; path = Assets.xcassets; sourceTree = "<group>"; };
		712BF0A828C3ABA100AABFFB /* Base */ = {isa = PBXFileReference; lastKnownFileType = file.storyboard; name = Base; path = Base.lproj/LaunchScreen.storyboard; sourceTree = "<group>"; };
		712BF0AA28C3ABA100AABFFB /* Info.plist */ = {isa = PBXFileReference; lastKnownFileType = text.plist.xml; path = Info.plist; sourceTree = "<group>"; };
		712BF0B428C3B2CA00AABFFB /* OnboardingViewController.swift */ = {isa = PBXFileReference; lastKnownFileType = sourcecode.swift; path = OnboardingViewController.swift; sourceTree = "<group>"; };
		71994AFE291163FA0040C37F /* HomeViewController.swift */ = {isa = PBXFileReference; lastKnownFileType = sourcecode.swift; path = HomeViewController.swift; sourceTree = "<group>"; };
		71994B04291194B20040C37F /* CategoryCollectionViewCell.swift */ = {isa = PBXFileReference; lastKnownFileType = sourcecode.swift; path = CategoryCollectionViewCell.swift; sourceTree = "<group>"; };
		71994B05291194B20040C37F /* CategoryCollectionViewCell.xib */ = {isa = PBXFileReference; lastKnownFileType = file.xib; path = CategoryCollectionViewCell.xib; sourceTree = "<group>"; };
		71994B08291199870040C37F /* DishCategory.swift */ = {isa = PBXFileReference; lastKnownFileType = sourcecode.swift; path = DishCategory.swift; sourceTree = "<group>"; };
		71994B0A29119B730040C37F /* String+Extension.swift */ = {isa = PBXFileReference; lastKnownFileType = sourcecode.swift; path = "String+Extension.swift"; sourceTree = "<group>"; };
		71994B0D2911A1E00040C37F /* CardView.swift */ = {isa = PBXFileReference; lastKnownFileType = sourcecode.swift; path = CardView.swift; sourceTree = "<group>"; };
		71EE782628D46A7C0030E282 /* UIView+Extension.swift */ = {isa = PBXFileReference; lastKnownFileType = sourcecode.swift; path = "UIView+Extension.swift"; sourceTree = "<group>"; };
		71EE782828D46C240030E282 /* OnBoardingSlide.swift */ = {isa = PBXFileReference; lastKnownFileType = sourcecode.swift; path = OnBoardingSlide.swift; sourceTree = "<group>"; };
		71EE782A28D46EDA0030E282 /* OnBoardingCollectionViewCell.swift */ = {isa = PBXFileReference; lastKnownFileType = sourcecode.swift; path = OnBoardingCollectionViewCell.swift; sourceTree = "<group>"; };
		DC46B9F072D71FC56B98660B /* Pods-Food-Delivery.release.xcconfig */ = {isa = PBXFileReference; includeInIndex = 1; lastKnownFileType = text.xcconfig; name = "Pods-Food-Delivery.release.xcconfig"; path = "Target Support Files/Pods-Food-Delivery/Pods-Food-Delivery.release.xcconfig"; sourceTree = "<group>"; };
/* End PBXFileReference section */

/* Begin PBXFrameworksBuildPhase section */
		712BF09628C3ABA000AABFFB /* Frameworks */ = {
			isa = PBXFrameworksBuildPhase;
			buildActionMask = 2147483647;
			files = (
				70B6937EB46D2FB92E31D18C /* Pods_Food_Delivery.framework in Frameworks */,
			);
			runOnlyForDeploymentPostprocessing = 0;
		};
/* End PBXFrameworksBuildPhase section */

/* Begin PBXGroup section */
		712BF09028C3ABA000AABFFB = {
			isa = PBXGroup;
			children = (
				712BF09B28C3ABA000AABFFB /* Food-Delivery */,
				712BF09A28C3ABA000AABFFB /* Products */,
				FCD5D6F279E358DFE56A9FD4 /* Pods */,
				BCC10DB5A02DA4BC0C54D6EA /* Frameworks */,
			);
			sourceTree = "<group>";
		};
		712BF09A28C3ABA000AABFFB /* Products */ = {
			isa = PBXGroup;
			children = (
				712BF09928C3ABA000AABFFB /* Food-Delivery.app */,
			);
			name = Products;
			sourceTree = "<group>";
		};
		712BF09B28C3ABA000AABFFB /* Food-Delivery */ = {
			isa = PBXGroup;
			children = (
				71EE782528D46A500030E282 /* Extension */,
				712BF0B228C3B26F00AABFFB /* CustomViews */,
				712BF0B128C3B26600AABFFB /* Views */,
				712BF0B028C3B22E00AABFFB /* Models */,
				712BF09C28C3ABA000AABFFB /* AppDelegate.swift */,
				712BF09E28C3ABA000AABFFB /* SceneDelegate.swift */,
				712BF0A028C3ABA000AABFFB /* ViewController.swift */,
				712BF0A228C3ABA000AABFFB /* Main.storyboard */,
				712BF0A528C3ABA100AABFFB /* Assets.xcassets */,
				712BF0A728C3ABA100AABFFB /* LaunchScreen.storyboard */,
				712BF0AA28C3ABA100AABFFB /* Info.plist */,
			);
			path = "Food-Delivery";
			sourceTree = "<group>";
		};
		712BF0B028C3B22E00AABFFB /* Models */ = {
			isa = PBXGroup;
			children = (
				71EE782828D46C240030E282 /* OnBoardingSlide.swift */,
				71994B08291199870040C37F /* DishCategory.swift */,
			);
			path = Models;
			sourceTree = "<group>";
		};
		712BF0B128C3B26600AABFFB /* Views */ = {
			isa = PBXGroup;
			children = (
				71994AFD29115A680040C37F /* Home */,
				712BF0B328C3B28C00AABFFB /* Onboarding */,
			);
			path = Views;
			sourceTree = "<group>";
		};
		712BF0B228C3B26F00AABFFB /* CustomViews */ = {
			isa = PBXGroup;
			children = (
				71994B0C2911A1C20040C37F /* CardView */,
				71994B002911942C0040C37F /* CollectionViewCells */,
			);
			path = CustomViews;
			sourceTree = "<group>";
		};
		712BF0B328C3B28C00AABFFB /* Onboarding */ = {
			isa = PBXGroup;
			children = (
				712BF0B428C3B2CA00AABFFB /* OnboardingViewController.swift */,
				71EE782A28D46EDA0030E282 /* OnBoardingCollectionViewCell.swift */,
			);
			path = Onboarding;
			sourceTree = "<group>";
		};
		71994AFD29115A680040C37F /* Home */ = {
			isa = PBXGroup;
			children = (
				71994AFE291163FA0040C37F /* HomeViewController.swift */,
			);
			path = Home;
			sourceTree = "<group>";
		};
		71994B002911942C0040C37F /* CollectionViewCells */ = {
			isa = PBXGroup;
			children = (
				71994B01291194390040C37F /* CategoryCollectionViewCell */,
			);
			path = CollectionViewCells;
			sourceTree = "<group>";
		};
		71994B01291194390040C37F /* CategoryCollectionViewCell */ = {
			isa = PBXGroup;
			children = (
				71994B04291194B20040C37F /* CategoryCollectionViewCell.swift */,
				71994B05291194B20040C37F /* CategoryCollectionViewCell.xib */,
			);
			path = CategoryCollectionViewCell;
			sourceTree = "<group>";
		};
		71994B0C2911A1C20040C37F /* CardView */ = {
			isa = PBXGroup;
			children = (
				71994B0D2911A1E00040C37F /* CardView.swift */,
			);
			path = CardView;
			sourceTree = "<group>";
		};
		71EE782528D46A500030E282 /* Extension */ = {
			isa = PBXGroup;
			children = (
				71EE782628D46A7C0030E282 /* UIView+Extension.swift */,
				71994B0A29119B730040C37F /* String+Extension.swift */,
			);
			path = Extension;
			sourceTree = "<group>";
		};
		BCC10DB5A02DA4BC0C54D6EA /* Frameworks */ = {
			isa = PBXGroup;
			children = (
				5EE4F75193A8FEEC86274F71 /* Pods_Food_Delivery.framework */,
			);
			name = Frameworks;
			sourceTree = "<group>";
		};
		FCD5D6F279E358DFE56A9FD4 /* Pods */ = {
			isa = PBXGroup;
			children = (
				0E677050793772BBDE32E216 /* Pods-Food-Delivery.debug.xcconfig */,
				DC46B9F072D71FC56B98660B /* Pods-Food-Delivery.release.xcconfig */,
			);
			path = Pods;
			sourceTree = "<group>";
		};
/* End PBXGroup section */

/* Begin PBXNativeTarget section */
		712BF09828C3ABA000AABFFB /* Food-Delivery */ = {
			isa = PBXNativeTarget;
			buildConfigurationList = 712BF0AD28C3ABA100AABFFB /* Build configuration list for PBXNativeTarget "Food-Delivery" */;
			buildPhases = (
				AF57E0182D22087D2DC06B7B /* [CP] Check Pods Manifest.lock */,
				712BF09528C3ABA000AABFFB /* Sources */,
				712BF09628C3ABA000AABFFB /* Frameworks */,
				712BF09728C3ABA000AABFFB /* Resources */,
				D6E79D374A700A96E7812EB2 /* [CP] Embed Pods Frameworks */,
			);
			buildRules = (
			);
			dependencies = (
			);
			name = "Food-Delivery";
			productName = "Food-Delivery";
			productReference = 712BF09928C3ABA000AABFFB /* Food-Delivery.app */;
			productType = "com.apple.product-type.application";
		};
/* End PBXNativeTarget section */

/* Begin PBXProject section */
		712BF09128C3ABA000AABFFB /* Project object */ = {
			isa = PBXProject;
			attributes = {
				BuildIndependentTargetsInParallel = 1;
				LastSwiftUpdateCheck = 1330;
				LastUpgradeCheck = 1330;
				TargetAttributes = {
					712BF09828C3ABA000AABFFB = {
						CreatedOnToolsVersion = 13.3.1;
					};
				};
			};
			buildConfigurationList = 712BF09428C3ABA000AABFFB /* Build configuration list for PBXProject "Food-Delivery" */;
			compatibilityVersion = "Xcode 13.0";
			developmentRegion = en;
			hasScannedForEncodings = 0;
			knownRegions = (
				en,
				Base,
			);
			mainGroup = 712BF09028C3ABA000AABFFB;
			productRefGroup = 712BF09A28C3ABA000AABFFB /* Products */;
			projectDirPath = "";
			projectRoot = "";
			targets = (
				712BF09828C3ABA000AABFFB /* Food-Delivery */,
			);
		};
/* End PBXProject section */

/* Begin PBXResourcesBuildPhase section */
		712BF09728C3ABA000AABFFB /* Resources */ = {
			isa = PBXResourcesBuildPhase;
			buildActionMask = 2147483647;
			files = (
				71994B07291194B20040C37F /* CategoryCollectionViewCell.xib in Resources */,
				712BF0A928C3ABA100AABFFB /* LaunchScreen.storyboard in Resources */,
				712BF0A628C3ABA100AABFFB /* Assets.xcassets in Resources */,
				712BF0A428C3ABA000AABFFB /* Main.storyboard in Resources */,
			);
			runOnlyForDeploymentPostprocessing = 0;
		};
/* End PBXResourcesBuildPhase section */

/* Begin PBXShellScriptBuildPhase section */
		AF57E0182D22087D2DC06B7B /* [CP] Check Pods Manifest.lock */ = {
			isa = PBXShellScriptBuildPhase;
			buildActionMask = 2147483647;
			files = (
			);
			inputFileListPaths = (
			);
			inputPaths = (
				"${PODS_PODFILE_DIR_PATH}/Podfile.lock",
				"${PODS_ROOT}/Manifest.lock",
			);
			name = "[CP] Check Pods Manifest.lock";
			outputFileListPaths = (
			);
			outputPaths = (
				"$(DERIVED_FILE_DIR)/Pods-Food-Delivery-checkManifestLockResult.txt",
			);
			runOnlyForDeploymentPostprocessing = 0;
			shellPath = /bin/sh;
			shellScript = "diff \"${PODS_PODFILE_DIR_PATH}/Podfile.lock\" \"${PODS_ROOT}/Manifest.lock\" > /dev/null\nif [ $? != 0 ] ; then\n    # print error to STDERR\n    echo \"error: The sandbox is not in sync with the Podfile.lock. Run 'pod install' or update your CocoaPods installation.\" >&2\n    exit 1\nfi\n# This output is used by Xcode 'outputs' to avoid re-running this script phase.\necho \"SUCCESS\" > \"${SCRIPT_OUTPUT_FILE_0}\"\n";
			showEnvVarsInLog = 0;
		};
		D6E79D374A700A96E7812EB2 /* [CP] Embed Pods Frameworks */ = {
			isa = PBXShellScriptBuildPhase;
			buildActionMask = 2147483647;
			files = (
			);
			inputFileListPaths = (
				"${PODS_ROOT}/Target Support Files/Pods-Food-Delivery/Pods-Food-Delivery-frameworks-${CONFIGURATION}-input-files.xcfilelist",
			);
			name = "[CP] Embed Pods Frameworks";
			outputFileListPaths = (
				"${PODS_ROOT}/Target Support Files/Pods-Food-Delivery/Pods-Food-Delivery-frameworks-${CONFIGURATION}-output-files.xcfilelist",
			);
			runOnlyForDeploymentPostprocessing = 0;
			shellPath = /bin/sh;
			shellScript = "\"${PODS_ROOT}/Target Support Files/Pods-Food-Delivery/Pods-Food-Delivery-frameworks.sh\"\n";
			showEnvVarsInLog = 0;
		};
/* End PBXShellScriptBuildPhase section */

/* Begin PBXSourcesBuildPhase section */
		712BF09528C3ABA000AABFFB /* Sources */ = {
			isa = PBXSourcesBuildPhase;
			buildActionMask = 2147483647;
			files = (
				71EE782B28D46EDA0030E282 /* OnBoardingCollectionViewCell.swift in Sources */,
				71994B0B29119B730040C37F /* String+Extension.swift in Sources */,
				71994B09291199870040C37F /* DishCategory.swift in Sources */,
				712BF0A128C3ABA000AABFFB /* ViewController.swift in Sources */,
				712BF09D28C3ABA000AABFFB /* AppDelegate.swift in Sources */,
				71994AFF291163FA0040C37F /* HomeViewController.swift in Sources */,
				71994B06291194B20040C37F /* CategoryCollectionViewCell.swift in Sources */,
				712BF09F28C3ABA000AABFFB /* SceneDelegate.swift in Sources */,
				71EE782728D46A7C0030E282 /* UIView+Extension.swift in Sources */,
				71EE782928D46C240030E282 /* OnBoardingSlide.swift in Sources */,
				71994B0E2911A1E00040C37F /* CardView.swift in Sources */,
				712BF0B528C3B2CA00AABFFB /* OnboardingViewController.swift in Sources */,
			);
			runOnlyForDeploymentPostprocessing = 0;
		};
/* End PBXSourcesBuildPhase section */

/* Begin PBXVariantGroup section */
		712BF0A228C3ABA000AABFFB /* Main.storyboard */ = {
			isa = PBXVariantGroup;
			children = (
				712BF0A328C3ABA000AABFFB /* Base */,
			);
			name = Main.storyboard;
			sourceTree = "<group>";
		};
		712BF0A728C3ABA100AABFFB /* LaunchScreen.storyboard */ = {
			isa = PBXVariantGroup;
			children = (
				712BF0A828C3ABA100AABFFB /* Base */,
			);
			name = LaunchScreen.storyboard;
			sourceTree = "<group>";
		};
/* End PBXVariantGroup section */

/* Begin XCBuildConfiguration section */
		712BF0AB28C3ABA100AABFFB /* Debug */ = {
			isa = XCBuildConfiguration;
			buildSettings = {
				ALWAYS_SEARCH_USER_PATHS = NO;
				CLANG_ANALYZER_NONNULL = YES;
				CLANG_ANALYZER_NUMBER_OBJECT_CONVERSION = YES_AGGRESSIVE;
				CLANG_CXX_LANGUAGE_STANDARD = "gnu++17";
				CLANG_ENABLE_MODULES = YES;
				CLANG_ENABLE_OBJC_ARC = YES;
				CLANG_ENABLE_OBJC_WEAK = YES;
				CLANG_WARN_BLOCK_CAPTURE_AUTORELEASING = YES;
				CLANG_WARN_BOOL_CONVERSION = YES;
				CLANG_WARN_COMMA = YES;
				CLANG_WARN_CONSTANT_CONVERSION = YES;
				CLANG_WARN_DEPRECATED_OBJC_IMPLEMENTATIONS = YES;
				CLANG_WARN_DIRECT_OBJC_ISA_USAGE = YES_ERROR;
				CLANG_WARN_DOCUMENTATION_COMMENTS = YES;
				CLANG_WARN_EMPTY_BODY = YES;
				CLANG_WARN_ENUM_CONVERSION = YES;
				CLANG_WARN_INFINITE_RECURSION = YES;
				CLANG_WARN_INT_CONVERSION = YES;
				CLANG_WARN_NON_LITERAL_NULL_CONVERSION = YES;
				CLANG_WARN_OBJC_IMPLICIT_RETAIN_SELF = YES;
				CLANG_WARN_OBJC_LITERAL_CONVERSION = YES;
				CLANG_WARN_OBJC_ROOT_CLASS = YES_ERROR;
				CLANG_WARN_QUOTED_INCLUDE_IN_FRAMEWORK_HEADER = YES;
				CLANG_WARN_RANGE_LOOP_ANALYSIS = YES;
				CLANG_WARN_STRICT_PROTOTYPES = YES;
				CLANG_WARN_SUSPICIOUS_MOVE = YES;
				CLANG_WARN_UNGUARDED_AVAILABILITY = YES_AGGRESSIVE;
				CLANG_WARN_UNREACHABLE_CODE = YES;
				CLANG_WARN__DUPLICATE_METHOD_MATCH = YES;
				COPY_PHASE_STRIP = NO;
				DEBUG_INFORMATION_FORMAT = dwarf;
				ENABLE_STRICT_OBJC_MSGSEND = YES;
				ENABLE_TESTABILITY = YES;
				GCC_C_LANGUAGE_STANDARD = gnu11;
				GCC_DYNAMIC_NO_PIC = NO;
				GCC_NO_COMMON_BLOCKS = YES;
				GCC_OPTIMIZATION_LEVEL = 0;
				GCC_PREPROCESSOR_DEFINITIONS = (
					"DEBUG=1",
					"$(inherited)",
				);
				GCC_WARN_64_TO_32_BIT_CONVERSION = YES;
				GCC_WARN_ABOUT_RETURN_TYPE = YES_ERROR;
				GCC_WARN_UNDECLARED_SELECTOR = YES;
				GCC_WARN_UNINITIALIZED_AUTOS = YES_AGGRESSIVE;
				GCC_WARN_UNUSED_FUNCTION = YES;
				GCC_WARN_UNUSED_VARIABLE = YES;
				IPHONEOS_DEPLOYMENT_TARGET = 15.4;
				MTL_ENABLE_DEBUG_INFO = INCLUDE_SOURCE;
				MTL_FAST_MATH = YES;
				ONLY_ACTIVE_ARCH = YES;
				SDKROOT = iphoneos;
				SWIFT_ACTIVE_COMPILATION_CONDITIONS = DEBUG;
				SWIFT_OPTIMIZATION_LEVEL = "-Onone";
			};
			name = Debug;
		};
		712BF0AC28C3ABA100AABFFB /* Release */ = {
			isa = XCBuildConfiguration;
			buildSettings = {
				ALWAYS_SEARCH_USER_PATHS = NO;
				CLANG_ANALYZER_NONNULL = YES;
				CLANG_ANALYZER_NUMBER_OBJECT_CONVERSION = YES_AGGRESSIVE;
				CLANG_CXX_LANGUAGE_STANDARD = "gnu++17";
				CLANG_ENABLE_MODULES = YES;
				CLANG_ENABLE_OBJC_ARC = YES;
				CLANG_ENABLE_OBJC_WEAK = YES;
				CLANG_WARN_BLOCK_CAPTURE_AUTORELEASING = YES;
				CLANG_WARN_BOOL_CONVERSION = YES;
				CLANG_WARN_COMMA = YES;
				CLANG_WARN_CONSTANT_CONVERSION = YES;
				CLANG_WARN_DEPRECATED_OBJC_IMPLEMENTATIONS = YES;
				CLANG_WARN_DIRECT_OBJC_ISA_USAGE = YES_ERROR;
				CLANG_WARN_DOCUMENTATION_COMMENTS = YES;
				CLANG_WARN_EMPTY_BODY = YES;
				CLANG_WARN_ENUM_CONVERSION = YES;
				CLANG_WARN_INFINITE_RECURSION = YES;
				CLANG_WARN_INT_CONVERSION = YES;
				CLANG_WARN_NON_LITERAL_NULL_CONVERSION = YES;
				CLANG_WARN_OBJC_IMPLICIT_RETAIN_SELF = YES;
				CLANG_WARN_OBJC_LITERAL_CONVERSION = YES;
				CLANG_WARN_OBJC_ROOT_CLASS = YES_ERROR;
				CLANG_WARN_QUOTED_INCLUDE_IN_FRAMEWORK_HEADER = YES;
				CLANG_WARN_RANGE_LOOP_ANALYSIS = YES;
				CLANG_WARN_STRICT_PROTOTYPES = YES;
				CLANG_WARN_SUSPICIOUS_MOVE = YES;
				CLANG_WARN_UNGUARDED_AVAILABILITY = YES_AGGRESSIVE;
				CLANG_WARN_UNREACHABLE_CODE = YES;
				CLANG_WARN__DUPLICATE_METHOD_MATCH = YES;
				COPY_PHASE_STRIP = NO;
				DEBUG_INFORMATION_FORMAT = "dwarf-with-dsym";
				ENABLE_NS_ASSERTIONS = NO;
				ENABLE_STRICT_OBJC_MSGSEND = YES;
				GCC_C_LANGUAGE_STANDARD = gnu11;
				GCC_NO_COMMON_BLOCKS = YES;
				GCC_WARN_64_TO_32_BIT_CONVERSION = YES;
				GCC_WARN_ABOUT_RETURN_TYPE = YES_ERROR;
				GCC_WARN_UNDECLARED_SELECTOR = YES;
				GCC_WARN_UNINITIALIZED_AUTOS = YES_AGGRESSIVE;
				GCC_WARN_UNUSED_FUNCTION = YES;
				GCC_WARN_UNUSED_VARIABLE = YES;
				IPHONEOS_DEPLOYMENT_TARGET = 15.4;
				MTL_ENABLE_DEBUG_INFO = NO;
				MTL_FAST_MATH = YES;
				SDKROOT = iphoneos;
				SWIFT_COMPILATION_MODE = wholemodule;
				SWIFT_OPTIMIZATION_LEVEL = "-O";
				VALIDATE_PRODUCT = YES;
			};
			name = Release;
		};
		712BF0AE28C3ABA100AABFFB /* Debug */ = {
			isa = XCBuildConfiguration;
			baseConfigurationReference = 0E677050793772BBDE32E216 /* Pods-Food-Delivery.debug.xcconfig */;
			buildSettings = {
				ASSETCATALOG_COMPILER_APPICON_NAME = AppIcon;
				ASSETCATALOG_COMPILER_GLOBAL_ACCENT_COLOR_NAME = AccentColor;
				CODE_SIGN_STYLE = Automatic;
				CURRENT_PROJECT_VERSION = 1;
				DEVELOPMENT_TEAM = 7J5PN5WZ56;
				GENERATE_INFOPLIST_FILE = YES;
				INFOPLIST_FILE = "Food-Delivery/Info.plist";
				INFOPLIST_KEY_UIApplicationSupportsIndirectInputEvents = YES;
				INFOPLIST_KEY_UILaunchStoryboardName = LaunchScreen;
				INFOPLIST_KEY_UIMainStoryboardFile = Main;
				INFOPLIST_KEY_UISupportedInterfaceOrientations_iPad = "UIInterfaceOrientationPortrait UIInterfaceOrientationPortraitUpsideDown UIInterfaceOrientationLandscapeLeft UIInterfaceOrientationLandscapeRight";
				INFOPLIST_KEY_UISupportedInterfaceOrientations_iPhone = "UIInterfaceOrientationPortrait UIInterfaceOrientationLandscapeLeft UIInterfaceOrientationLandscapeRight";
				LD_RUNPATH_SEARCH_PATHS = (
					"$(inherited)",
					"@executable_path/Frameworks",
				);
				MARKETING_VERSION = 1.0;
				PRODUCT_BUNDLE_IDENTIFIER = "com.mnb.Food-Delivery";
				PRODUCT_NAME = "$(TARGET_NAME)";
				SWIFT_EMIT_LOC_STRINGS = YES;
				SWIFT_VERSION = 5.0;
				TARGETED_DEVICE_FAMILY = "1,2";
			};
			name = Debug;
		};
		712BF0AF28C3ABA100AABFFB /* Release */ = {
			isa = XCBuildConfiguration;
			baseConfigurationReference = DC46B9F072D71FC56B98660B /* Pods-Food-Delivery.release.xcconfig */;
			buildSettings = {
				ASSETCATALOG_COMPILER_APPICON_NAME = AppIcon;
				ASSETCATALOG_COMPILER_GLOBAL_ACCENT_COLOR_NAME = AccentColor;
				CODE_SIGN_STYLE = Automatic;
				CURRENT_PROJECT_VERSION = 1;
				DEVELOPMENT_TEAM = 7J5PN5WZ56;
				GENERATE_INFOPLIST_FILE = YES;
				INFOPLIST_FILE = "Food-Delivery/Info.plist";
				INFOPLIST_KEY_UIApplicationSupportsIndirectInputEvents = YES;
				INFOPLIST_KEY_UILaunchStoryboardName = LaunchScreen;
				INFOPLIST_KEY_UIMainStoryboardFile = Main;
				INFOPLIST_KEY_UISupportedInterfaceOrientations_iPad = "UIInterfaceOrientationPortrait UIInterfaceOrientationPortraitUpsideDown UIInterfaceOrientationLandscapeLeft UIInterfaceOrientationLandscapeRight";
				INFOPLIST_KEY_UISupportedInterfaceOrientations_iPhone = "UIInterfaceOrientationPortrait UIInterfaceOrientationLandscapeLeft UIInterfaceOrientationLandscapeRight";
				LD_RUNPATH_SEARCH_PATHS = (
					"$(inherited)",
					"@executable_path/Frameworks",
				);
				MARKETING_VERSION = 1.0;
				PRODUCT_BUNDLE_IDENTIFIER = "com.mnb.Food-Delivery";
				PRODUCT_NAME = "$(TARGET_NAME)";
				SWIFT_EMIT_LOC_STRINGS = YES;
				SWIFT_VERSION = 5.0;
				TARGETED_DEVICE_FAMILY = "1,2";
			};
			name = Release;
		};
/* End XCBuildConfiguration section */

/* Begin XCConfigurationList section */
		712BF09428C3ABA000AABFFB /* Build configuration list for PBXProject "Food-Delivery" */ = {
			isa = XCConfigurationList;
			buildConfigurations = (
				712BF0AB28C3ABA100AABFFB /* Debug */,
				712BF0AC28C3ABA100AABFFB /* Release */,
			);
			defaultConfigurationIsVisible = 0;
			defaultConfigurationName = Release;
		};
		712BF0AD28C3ABA100AABFFB /* Build configuration list for PBXNativeTarget "Food-Delivery" */ = {
			isa = XCConfigurationList;
			buildConfigurations = (
				712BF0AE28C3ABA100AABFFB /* Debug */,
				712BF0AF28C3ABA100AABFFB /* Release */,
			);
			defaultConfigurationIsVisible = 0;
			defaultConfigurationName = Release;
		};
/* End XCConfigurationList section */
	};
	rootObject = 712BF09128C3ABA000AABFFB /* Project object */;
}
